// !$*UTF8*$!
{
	archiveVersion = 1;
	classes = {
	};
	objectVersion = 56;
	objects = {

/* Begin PBXBuildFile section */
		C000000100000000000000 /* CanadianTaxCalcApp.swift in Sources */ = {isa = PBXBuildFile; fileRef = B000000100000000000000 /* CanadianTaxCalcApp.swift */; };
		C000000200000000000000 /* ContentView.swift in Sources */ = {isa = PBXBuildFile; fileRef = B000000200000000000000 /* ContentView.swift */; };
		C000000300000000000000 /* HomeView.swift in Sources */ = {isa = PBXBuildFile; fileRef = B000000300000000000000 /* HomeView.swift */; };
		C000000400000000000000 /* PersonalTaxView.swift in Sources */ = {isa = PBXBuildFile; fileRef = B000000400000000000000 /* PersonalTaxView.swift */; };
		C000000500000000000000 /* CorporateTaxView.swift in Sources */ = {isa = PBXBuildFile; fileRef = B000000500000000000000 /* CorporateTaxView.swift */; };
		C000000600000000000000 /* RRSPView.swift in Sources */ = {isa = PBXBuildFile; fileRef = B000000600000000000000 /* RRSPView.swift */; };
		C000000700000000000000 /* GSTHSTView.swift in Sources */ = {isa = PBXBuildFile; fileRef = B000000700000000000000 /* GSTHSTView.swift */; };
		C000000800000000000000 /* RentalIncomeView.swift in Sources */ = {isa = PBXBuildFile; fileRef = B000000800000000000000 /* RentalIncomeView.swift */; };
		C000000900000000000000 /* TaxPlanningView.swift in Sources */ = {isa = PBXBuildFile; fileRef = B000000900000000000000 /* TaxPlanningView.swift */; };
		C000000A00000000000000 /* CrossBorderView.swift in Sources */ = {isa = PBXBuildFile; fileRef = B000000A00000000000000 /* CrossBorderView.swift */; };
		C000000B00000000000000 /* HistoricalRatesView.swift in Sources */ = {isa = PBXBuildFile; fileRef = B000000B00000000000000 /* HistoricalRatesView.swift */; };
		C000000C00000000000000 /* BookSessionView.swift in Sources */ = {isa = PBXBuildFile; fileRef = B000000C00000000000000 /* BookSessionView.swift */; };
		C000000D00000000000000 /* DisclaimerBannerView.swift in Sources */ = {isa = PBXBuildFile; fileRef = B000000D00000000000000 /* DisclaimerBannerView.swift */; };
		C000000E00000000000000 /* SmallBusinessView.swift in Sources */ = {isa = PBXBuildFile; fileRef = B000000E00000000000000 /* SmallBusinessView.swift */; };
		C000001000000000000000 /* TaxData.swift in Sources */ = {isa = PBXBuildFile; fileRef = B000001000000000000000 /* TaxData.swift */; };
		C000001100000000000000 /* ProvinceData.swift in Sources */ = {isa = PBXBuildFile; fileRef = B000001100000000000000 /* ProvinceData.swift */; };
		C000001200000000000000 /* RRSPData.swift in Sources */ = {isa = PBXBuildFile; fileRef = B000001200000000000000 /* RRSPData.swift */; };
		C000001300000000000000 /* CorporateTaxData.swift in Sources */ = {isa = PBXBuildFile; fileRef = B000001300000000000000 /* CorporateTaxData.swift */; };
		C000001400000000000000 /* TaxCalculator.swift in Sources */ = {isa = PBXBuildFile; fileRef = B000001400000000000000 /* TaxCalculator.swift */; };
		C000001500000000000000 /* GSTCalculator.swift in Sources */ = {isa = PBXBuildFile; fileRef = B000001500000000000000 /* GSTCalculator.swift */; };
		C000001600000000000000 /* Assets.xcassets in Resources */ = {isa = PBXBuildFile; fileRef = B000001600000000000000 /* Assets.xcassets */; };
		C000002000000000000000 /* SessionModels.swift in Sources */ = {isa = PBXBuildFile; fileRef = B000002000000000000000 /* SessionModels.swift */; };
		C000002100000000000000 /* SessionStore.swift in Sources */ = {isa = PBXBuildFile; fileRef = B000002100000000000000 /* SessionStore.swift */; };
		C000002600000000000000 /* SessionDetailView.swift in Sources */ = {isa = PBXBuildFile; fileRef = B000002600000000000000 /* SessionDetailView.swift */; };
		C000002700000000000000 /* SessionsTabView.swift in Sources */ = {isa = PBXBuildFile; fileRef = B000002700000000000000 /* SessionsTabView.swift */; };
		C000002800000000000000 /* TaxTipsView.swift in Sources */ = {isa = PBXBuildFile; fileRef = B000002800000000000000 /* TaxTipsView.swift */; };
		C000002900000000000000 /* SelfEmployedView.swift in Sources */ = {isa = PBXBuildFile; fileRef = B000002900000000000000 /* SelfEmployedView.swift */; };
		C000003000000000000000 /* BenefitsView.swift in Sources */ = {isa = PBXBuildFile; fileRef = B000003000000000000000 /* BenefitsView.swift */; };
		C000003100000000000000 /* RESPView.swift in Sources */ = {isa = PBXBuildFile; fileRef = B000003100000000000000 /* RESPView.swift */; };
		C000003200000000000000 /* ServicesView.swift in Sources */ = {isa = PBXBuildFile; fileRef = B000003200000000000000 /* ServicesView.swift */; };
		C000003300000000000000 /* LegalView.swift in Sources */ = {isa = PBXBuildFile; fileRef = B000003300000000000000 /* LegalView.swift */; };
		C000003400000000000000 /* StoreKitManager.swift in Sources */ = {isa = PBXBuildFile; fileRef = B000003400000000000000 /* StoreKitManager.swift */; };
		C000003500000000000000 /* PaymentConfirmationView.swift in Sources */ = {isa = PBXBuildFile; fileRef = B000003500000000000000 /* PaymentConfirmationView.swift */; };
		C000003600000000000000 /* TaxBrackets2025View.swift in Sources */ = {isa = PBXBuildFile; fileRef = B000003600000000000000 /* TaxBrackets2025View.swift */; };
		C000003700000000000000 /* TaxAIEngine.swift in Sources */ = {isa = PBXBuildFile; fileRef = B000003700000000000000 /* TaxAIEngine.swift */; };
		C000003800000000000000 /* TaxAIView.swift in Sources */ = {isa = PBXBuildFile; fileRef = B000003800000000000000 /* TaxAIView.swift */; };
		C000003900000000000000 /* TaxAIService.swift in Sources */ = {isa = PBXBuildFile; fileRef = B000003900000000000000 /* TaxAIService.swift */; };
/* End PBXBuildFile section */

/* Begin PBXFileReference section */
		A000001500000000000000 /* CanadianTaxCalc.app */ = {isa = PBXFileReference; explicitFileType = wrapper.application; includeInIndex = 0; path = CanadianTaxCalc.app; sourceTree = BUILT_PRODUCTS_DIR; };
		B000000100000000000000 /* CanadianTaxCalcApp.swift */ = {isa = PBXFileReference; lastKnownFileType = sourcecode.swift; path = CanadianTaxCalcApp.swift; sourceTree = "<group>"; };
		B000000200000000000000 /* ContentView.swift */ = {isa = PBXFileReference; lastKnownFileType = sourcecode.swift; path = ContentView.swift; sourceTree = "<group>"; };
		B000000300000000000000 /* HomeView.swift */ = {isa = PBXFileReference; lastKnownFileType = sourcecode.swift; path = HomeView.swift; sourceTree = "<group>"; };
		B000000400000000000000 /* PersonalTaxView.swift */ = {isa = PBXFileReference; lastKnownFileType = sourcecode.swift; path = PersonalTaxView.swift; sourceTree = "<group>"; };
		B000000500000000000000 /* CorporateTaxView.swift */ = {isa = PBXFileReference; lastKnownFileType = sourcecode.swift; path = CorporateTaxView.swift; sourceTree = "<group>"; };
		B000000600000000000000 /* RRSPView.swift */ = {isa = PBXFileReference; lastKnownFileType = sourcecode.swift; path = RRSPView.swift; sourceTree = "<group>"; };
		B000000700000000000000 /* GSTHSTView.swift */ = {isa = PBXFileReference; lastKnownFileType = sourcecode.swift; path = GSTHSTView.swift; sourceTree = "<group>"; };
		B000000800000000000000 /* RentalIncomeView.swift */ = {isa = PBXFileReference; lastKnownFileType = sourcecode.swift; path = RentalIncomeView.swift; sourceTree = "<group>"; };
		B000000900000000000000 /* TaxPlanningView.swift */ = {isa = PBXFileReference; lastKnownFileType = sourcecode.swift; path = TaxPlanningView.swift; sourceTree = "<group>"; };
		B000000A00000000000000 /* CrossBorderView.swift */ = {isa = PBXFileReference; lastKnownFileType = sourcecode.swift; path = CrossBorderView.swift; sourceTree = "<group>"; };
		B000000B00000000000000 /* HistoricalRatesView.swift */ = {isa = PBXFileReference; lastKnownFileType = sourcecode.swift; path = HistoricalRatesView.swift; sourceTree = "<group>"; };
		B000000C00000000000000 /* BookSessionView.swift */ = {isa = PBXFileReference; lastKnownFileType = sourcecode.swift; path = BookSessionView.swift; sourceTree = "<group>"; };
		B000000D00000000000000 /* DisclaimerBannerView.swift */ = {isa = PBXFileReference; lastKnownFileType = sourcecode.swift; path = DisclaimerBannerView.swift; sourceTree = "<group>"; };
		B000000E00000000000000 /* SmallBusinessView.swift */ = {isa = PBXFileReference; lastKnownFileType = sourcecode.swift; path = SmallBusinessView.swift; sourceTree = "<group>"; };
		B000001000000000000000 /* TaxData.swift */ = {isa = PBXFileReference; lastKnownFileType = sourcecode.swift; path = TaxData.swift; sourceTree = "<group>"; };
		B000001100000000000000 /* ProvinceData.swift */ = {isa = PBXFileReference; lastKnownFileType = sourcecode.swift; path = ProvinceData.swift; sourceTree = "<group>"; };
		B000001200000000000000 /* RRSPData.swift */ = {isa = PBXFileReference; lastKnownFileType = sourcecode.swift; path = RRSPData.swift; sourceTree = "<group>"; };
		B000001300000000000000 /* CorporateTaxData.swift */ = {isa = PBXFileReference; lastKnownFileType = sourcecode.swift; path = CorporateTaxData.swift; sourceTree = "<group>"; };
		B000001400000000000000 /* TaxCalculator.swift */ = {isa = PBXFileReference; lastKnownFileType = sourcecode.swift; path = TaxCalculator.swift; sourceTree = "<group>"; };
		B000001500000000000000 /* GSTCalculator.swift */ = {isa = PBXFileReference; lastKnownFileType = sourcecode.swift; path = GSTCalculator.swift; sourceTree = "<group>"; };
		B000001600000000000000 /* Assets.xcassets */ = {isa = PBXFileReference; lastKnownFileType = folder.assetcatalog; path = Assets.xcassets; sourceTree = "<group>"; };
		B000001700000000000000 /* Info.plist */ = {isa = PBXFileReference; lastKnownFileType = text.plist.xml; path = Info.plist; sourceTree = "<group>"; };
		B000002000000000000000 /* SessionModels.swift */ = {isa = PBXFileReference; lastKnownFileType = sourcecode.swift; path = SessionModels.swift; sourceTree = "<group>"; };
		B000002100000000000000 /* SessionStore.swift */ = {isa = PBXFileReference; lastKnownFileType = sourcecode.swift; path = SessionStore.swift; sourceTree = "<group>"; };
		B000002600000000000000 /* SessionDetailView.swift */ = {isa = PBXFileReference; lastKnownFileType = sourcecode.swift; path = SessionDetailView.swift; sourceTree = "<group>"; };
		B000002700000000000000 /* SessionsTabView.swift */ = {isa = PBXFileReference; lastKnownFileType = sourcecode.swift; path = SessionsTabView.swift; sourceTree = "<group>"; };
		B000002800000000000000 /* TaxTipsView.swift */ = {isa = PBXFileReference; lastKnownFileType = sourcecode.swift; path = TaxTipsView.swift; sourceTree = "<group>"; };
		B000002900000000000000 /* SelfEmployedView.swift */ = {isa = PBXFileReference; lastKnownFileType = sourcecode.swift; path = SelfEmployedView.swift; sourceTree = "<group>"; };
		B000003000000000000000 /* BenefitsView.swift */ = {isa = PBXFileReference; lastKnownFileType = sourcecode.swift; path = BenefitsView.swift; sourceTree = "<group>"; };
		B000003100000000000000 /* RESPView.swift */ = {isa = PBXFileReference; lastKnownFileType = sourcecode.swift; path = RESPView.swift; sourceTree = "<group>"; };
		B000003200000000000000 /* ServicesView.swift */ = {isa = PBXFileReference; lastKnownFileType = sourcecode.swift; path = ServicesView.swift; sourceTree = "<group>"; };
		B000003300000000000000 /* LegalView.swift */ = {isa = PBXFileReference; lastKnownFileType = sourcecode.swift; path = LegalView.swift; sourceTree = "<group>"; };
		B000003400000000000000 /* StoreKitManager.swift */ = {isa = PBXFileReference; lastKnownFileType = sourcecode.swift; path = StoreKitManager.swift; sourceTree = "<group>"; };
		B000003500000000000000 /* PaymentConfirmationView.swift */ = {isa = PBXFileReference; lastKnownFileType = sourcecode.swift; path = PaymentConfirmationView.swift; sourceTree = "<group>"; };
		B000003600000000000000 /* TaxBrackets2025View.swift */ = {isa = PBXFileReference; lastKnownFileType = sourcecode.swift; path = TaxBrackets2025View.swift; sourceTree = "<group>"; };
		B000003700000000000000 /* TaxAIEngine.swift */ = {isa = PBXFileReference; lastKnownFileType = sourcecode.swift; path = TaxAIEngine.swift; sourceTree = "<group>"; };
		B000003800000000000000 /* TaxAIView.swift */ = {isa = PBXFileReference; lastKnownFileType = sourcecode.swift; path = TaxAIView.swift; sourceTree = "<group>"; };
		B000003900000000000000 /* TaxAIService.swift */ = {isa = PBXFileReference; lastKnownFileType = sourcecode.swift; path = TaxAIService.swift; sourceTree = "<group>"; };
		B000003600000000000000 /* Products.storekit */ = {isa = PBXFileReference; lastKnownFileType = text; path = Products.storekit; sourceTree = "<group>"; };
/* End PBXFileReference section */

/* Begin PBXFrameworksBuildPhase section */
		A000000D00000000000000 /* Frameworks */ = {
			isa = PBXFrameworksBuildPhase;
			buildActionMask = 2147483647;
			files = (
			);
			runOnlyForDeploymentPostprocessing = 0;
		};
/* End PBXFrameworksBuildPhase section */

/* Begin PBXGroup section */
		A000000100000000000000 = {
			isa = PBXGroup;
			children = (
				A000000200000000000000 /* CanadianTaxCalc */,
				A000000300000000000000 /* Products */,
			);
			sourceTree = "<group>";
		};
		A000000200000000000000 /* CanadianTaxCalc */ = {
			isa = PBXGroup;
			children = (
				B000000100000000000000 /* CanadianTaxCalcApp.swift */,
				B000000200000000000000 /* ContentView.swift */,
				B000000300000000000000 /* HomeView.swift */,
				B000000400000000000000 /* PersonalTaxView.swift */,
				B000000500000000000000 /* CorporateTaxView.swift */,
				B000000600000000000000 /* RRSPView.swift */,
				B000000700000000000000 /* GSTHSTView.swift */,
				B000000800000000000000 /* RentalIncomeView.swift */,
				B000000900000000000000 /* TaxPlanningView.swift */,
				B000000A00000000000000 /* CrossBorderView.swift */,
				B000000B00000000000000 /* HistoricalRatesView.swift */,
				B000000C00000000000000 /* BookSessionView.swift */,
				B000000D00000000000000 /* DisclaimerBannerView.swift */,
				B000000E00000000000000 /* SmallBusinessView.swift */,
				B000001000000000000000 /* TaxData.swift */,
				B000001100000000000000 /* ProvinceData.swift */,
				B000001200000000000000 /* RRSPData.swift */,
				B000001300000000000000 /* CorporateTaxData.swift */,
				B000001400000000000000 /* TaxCalculator.swift */,
				B000001500000000000000 /* GSTCalculator.swift */,
				B000001600000000000000 /* Assets.xcassets */,
				B000001700000000000000 /* Info.plist */,
				B000002000000000000000 /* SessionModels.swift */,
				B000002100000000000000 /* SessionStore.swift */,
				B000002600000000000000 /* SessionDetailView.swift */,
				B000002700000000000000 /* SessionsTabView.swift */,
				B000002800000000000000 /* TaxTipsView.swift */,
				B000002900000000000000 /* SelfEmployedView.swift */,
				B000003000000000000000 /* BenefitsView.swift */,
				B000003100000000000000 /* RESPView.swift */,
				B000003200000000000000 /* ServicesView.swift */,
				B000003300000000000000 /* LegalView.swift */,
				B000003400000000000000 /* StoreKitManager.swift */,
				B000003500000000000000 /* PaymentConfirmationView.swift */,
				B000003600000000000000 /* TaxBrackets2025View.swift */,
				B000003700000000000000 /* TaxAIEngine.swift */,
				B000003800000000000000 /* TaxAIView.swift */,
				B000003900000000000000 /* TaxAIService.swift */,
				B000003600000000000000 /* Products.storekit */,
			);
			path = CanadianTaxCalc;
			sourceTree = "<group>";
		};
		A000000300000000000000 /* Products */ = {
			isa = PBXGroup;
			children = (
				A000001500000000000000 /* CanadianTaxCalc.app */,
			);
			name = Products;
			sourceTree = "<group>";
		};
/* End PBXGroup section */

/* Begin PBXNativeTarget section */
		A000000400000000000000 /* CanadianTaxCalc */ = {
			isa = PBXNativeTarget;
			buildConfigurationList = A000000600000000000000 /* Build configuration list for PBXNativeTarget "CanadianTaxCalc" */;
			buildPhases = (
				A000000B00000000000000 /* Sources */,
				A000000C00000000000000 /* Resources */,
				A000000D00000000000000 /* Frameworks */,
			);
			buildRules = (
			);
			dependencies = (
			);
			name = CanadianTaxCalc;
			productName = CanadianTaxCalc;
			productReference = A000001500000000000000 /* CanadianTaxCalc.app */;
			productType = "com.apple.product-type.application";
		};
/* End PBXNativeTarget section */

/* Begin PBXProject section */
		A000000000000000000000 /* Project object */ = {
			isa = PBXProject;
			attributes = {
				BuildIndependentTargetsInParallel = 1;
				LastSwiftUpdateCheck = 1500;
				LastUpgradeCheck = 2630;
				TargetAttributes = {
					A000000400000000000000 = {
						CreatedOnToolsVersion = 15.0;
					};
				};
			};
			buildConfigurationList = A000000500000000000000 /* Build configuration list for PBXProject "CanadianTaxCalc" */;
			compatibilityVersion = "Xcode 14.0";
			developmentRegion = en;
			hasScannedForEncodings = 0;
			knownRegions = (
				en,
				Base,
			);
			mainGroup = A000000100000000000000;
			productRefGroup = A000000300000000000000 /* Products */;
			projectDirPath = "";
			projectRoot = "";
			targets = (
				A000000400000000000000 /* CanadianTaxCalc */,
			);
		};
/* End PBXProject section */

/* Begin PBXResourcesBuildPhase section */
		A000000C00000000000000 /* Resources */ = {
			isa = PBXResourcesBuildPhase;
			buildActionMask = 2147483647;
			files = (
				C000001600000000000000 /* Assets.xcassets in Resources */,
			);
			runOnlyForDeploymentPostprocessing = 0;
		};
/* End PBXResourcesBuildPhase section */

/* Begin PBXSourcesBuildPhase section */
		A000000B00000000000000 /* Sources */ = {
			isa = PBXSourcesBuildPhase;
			buildActionMask = 2147483647;
			files = (
				C000000100000000000000 /* CanadianTaxCalcApp.swift in Sources */,
				C000000200000000000000 /* ContentView.swift in Sources */,
				C000000300000000000000 /* HomeView.swift in Sources */,
				C000000400000000000000 /* PersonalTaxView.swift in Sources */,
				C000000500000000000000 /* CorporateTaxView.swift in Sources */,
				C000000600000000000000 /* RRSPView.swift in Sources */,
				C000000700000000000000 /* GSTHSTView.swift in Sources */,
				C000000800000000000000 /* RentalIncomeView.swift in Sources */,
				C000000900000000000000 /* TaxPlanningView.swift in Sources */,
				C000000A00000000000000 /* CrossBorderView.swift in Sources */,
				C000000B00000000000000 /* HistoricalRatesView.swift in Sources */,
				C000000C00000000000000 /* BookSessionView.swift in Sources */,
				C000000D00000000000000 /* DisclaimerBannerView.swift in Sources */,
				C000000E00000000000000 /* SmallBusinessView.swift in Sources */,
				C000001000000000000000 /* TaxData.swift in Sources */,
				C000001100000000000000 /* ProvinceData.swift in Sources */,
				C000001200000000000000 /* RRSPData.swift in Sources */,
				C000001300000000000000 /* CorporateTaxData.swift in Sources */,
				C000001400000000000000 /* TaxCalculator.swift in Sources */,
				C000001500000000000000 /* GSTCalculator.swift in Sources */,
				C000002000000000000000 /* SessionModels.swift in Sources */,
				C000002100000000000000 /* SessionStore.swift in Sources */,
				C000002600000000000000 /* SessionDetailView.swift in Sources */,
				C000002700000000000000 /* SessionsTabView.swift in Sources */,
				C000002800000000000000 /* TaxTipsView.swift in Sources */,
				C000002900000000000000 /* SelfEmployedView.swift in Sources */,
				C000003000000000000000 /* BenefitsView.swift in Sources */,
				C000003100000000000000 /* RESPView.swift in Sources */,
				C000003200000000000000 /* ServicesView.swift in Sources */,
				C000003300000000000000 /* LegalView.swift in Sources */,
				C000003400000000000000 /* StoreKitManager.swift in Sources */,
				C000003500000000000000 /* PaymentConfirmationView.swift in Sources */,
				C000003600000000000000 /* TaxBrackets2025View.swift in Sources */,
				C000003700000000000000 /* TaxAIEngine.swift in Sources */,
				C000003800000000000000 /* TaxAIView.swift in Sources */,
				C000003900000000000000 /* TaxAIService.swift in Sources */,
			);
			runOnlyForDeploymentPostprocessing = 0;
		};
/* End PBXSourcesBuildPhase section */

/* Begin XCBuildConfiguration section */
		A000000700000000000000 /* Debug */ = {
			isa = XCBuildConfiguration;
			buildSettings = {
				ALWAYS_SEARCH_USER_PATHS = NO;
				ASSETCATALOG_COMPILER_GENERATE_SWIFT_ASSET_SYMBOL_EXTENSIONS = YES;
				CLANG_ANALYZER_NONNULL = YES;
				CLANG_ANALYZER_NUMBER_OBJECT_CONVERSION = YES_AGGRESSIVE;
				CLANG_CXX_LANGUAGE_STANDARD = "gnu++20";
				CLANG_ENABLE_MODULES = YES;
				CLANG_ENABLE_OBJC_ARC = YES;
				CLANG_ENABLE_OBJC_WEAK = YES;
				CLANG_WARN_BLOCK_CAPTURE_AUTORELEASING = YES;
				CLANG_WARN_BOOL_CONVERSION = YES;
				CLANG_WARN_COMMA = YES;
				CLANG_WARN_CONSTANT_CONVERSION = YES;
				CLANG_WARN_DEPRECATED_OBJC_IMPLEMENTATIONS = YES;
				CLANG_WARN_DIRECT_OBJC_ISA_USAGE = YES_ERROR;
				CLANG_WARN_DOCUMENTATION_COMMENTS = YES;
				CLANG_WARN_EMPTY_BODY = YES;
				CLANG_WARN_ENUM_CONVERSION = YES;
				CLANG_WARN_INFINITE_RECURSION = YES;
				CLANG_WARN_INT_CONVERSION = YES;
				CLANG_WARN_NON_LITERAL_NULL_CONVERSION = YES;
				CLANG_WARN_OBJC_IMPLICIT_RETAIN_SELF = YES;
				CLANG_WARN_OBJC_LITERAL_CONVERSION = YES;
				CLANG_WARN_OBJC_ROOT_CLASS = YES_ERROR;
				CLANG_WARN_QUOTED_INCLUDE_IN_FRAMEWORK_HEADER = YES;
				CLANG_WARN_RANGE_LOOP_ANALYSIS = YES;
				CLANG_WARN_STRICT_PROTOTYPES = YES;
				CLANG_WARN_SUSPICIOUS_MOVE = YES;
				CLANG_WARN_UNGUARDED_AVAILABILITY = YES_AGGRESSIVE;
				CLANG_WARN_UNREACHABLE_CODE = YES;
				CLANG_WARN__DUPLICATE_METHOD_MATCH = YES;
				COPY_PHASE_STRIP = NO;
				DEBUG_INFORMATION_FORMAT = dwarf;
				DEVELOPMENT_TEAM = XBBABT9X98;
				ENABLE_STRICT_OBJC_MSGSEND = YES;
				ENABLE_TESTABILITY = YES;
				ENABLE_USER_SCRIPT_SANDBOXING = YES;
				GCC_C_LANGUAGE_STANDARD = gnu17;
				GCC_DYNAMIC_NO_PIC = NO;
				GCC_NO_COMMON_BLOCKS = YES;
				GCC_OPTIMIZATION_LEVEL = 0;
				GCC_PREPROCESSOR_DEFINITIONS = (
					"DEBUG=1",
					"$(inherited)",
				);
				GCC_WARN_64_TO_32_BIT_CONVERSION = YES;
				GCC_WARN_ABOUT_RETURN_TYPE = YES_ERROR;
				GCC_WARN_UNDECLARED_SELECTOR = YES;
				GCC_WARN_UNINITIALIZED_AUTOS = YES_AGGRESSIVE;
				GCC_WARN_UNUSED_FUNCTION = YES;
				GCC_WARN_UNUSED_VARIABLE = YES;
				IPHONEOS_DEPLOYMENT_TARGET = 16.0;
				MTL_ENABLE_DEBUG_INFO = INCLUDE_SOURCE;
				MTL_FAST_MATH = YES;
				ONLY_ACTIVE_ARCH = YES;
				SDKROOT = iphoneos;
				STRING_CATALOG_GENERATE_SYMBOLS = YES;
				SWIFT_ACTIVE_COMPILATION_CONDITIONS = "DEBUG $(inherited)";
				SWIFT_OPTIMIZATION_LEVEL = "-Onone";
			};
			name = Debug;
		};
		A000000800000000000000 /* Release */ = {
			isa = XCBuildConfiguration;
			buildSettings = {
				ALWAYS_SEARCH_USER_PATHS = NO;
				ASSETCATALOG_COMPILER_GENERATE_SWIFT_ASSET_SYMBOL_EXTENSIONS = YES;
				CLANG_ANALYZER_NONNULL = YES;
				CLANG_ANALYZER_NUMBER_OBJECT_CONVERSION = YES_AGGRESSIVE;
				CLANG_CXX_LANGUAGE_STANDARD = "gnu++20";
				CLANG_ENABLE_MODULES = YES;
				CLANG_ENABLE_OBJC_ARC = YES;
				CLANG_ENABLE_OBJC_WEAK = YES;
				CLANG_WARN_BLOCK_CAPTURE_AUTORELEASING = YES;
				CLANG_WARN_BOOL_CONVERSION = YES;
				CLANG_WARN_COMMA = YES;
				CLANG_WARN_CONSTANT_CONVERSION = YES;
				CLANG_WARN_DEPRECATED_OBJC_IMPLEMENTATIONS = YES;
				CLANG_WARN_DIRECT_OBJC_ISA_USAGE = YES_ERROR;
				CLANG_WARN_DOCUMENTATION_COMMENTS = YES;
				CLANG_WARN_EMPTY_BODY = YES;
				CLANG_WARN_ENUM_CONVERSION = YES;
				CLANG_WARN_INFINITE_RECURSION = YES;
				CLANG_WARN_INT_CONVERSION = YES;
				CLANG_WARN_NON_LITERAL_NULL_CONVERSION = YES;
				CLANG_WARN_OBJC_IMPLICIT_RETAIN_SELF = YES;
				CLANG_WARN_OBJC_LITERAL_CONVERSION = YES;
				CLANG_WARN_OBJC_ROOT_CLASS = YES_ERROR;
				CLANG_WARN_QUOTED_INCLUDE_IN_FRAMEWORK_HEADER = YES;
				CLANG_WARN_RANGE_LOOP_ANALYSIS = YES;
				CLANG_WARN_STRICT_PROTOTYPES = YES;
				CLANG_WARN_SUSPICIOUS_MOVE = YES;
				CLANG_WARN_UNGUARDED_AVAILABILITY = YES_AGGRESSIVE;
				CLANG_WARN_UNREACHABLE_CODE = YES;
				CLANG_WARN__DUPLICATE_METHOD_MATCH = YES;
				COPY_PHASE_STRIP = NO;
				DEBUG_INFORMATION_FORMAT = "dwarf-with-dsym";
				DEVELOPMENT_TEAM = XBBABT9X98;
				ENABLE_NS_ASSERTIONS = NO;
				ENABLE_STRICT_OBJC_MSGSEND = YES;
				ENABLE_USER_SCRIPT_SANDBOXING = YES;
				GCC_C_LANGUAGE_STANDARD = gnu17;
				GCC_NO_COMMON_BLOCKS = YES;
				GCC_WARN_64_TO_32_BIT_CONVERSION = YES;
				GCC_WARN_ABOUT_RETURN_TYPE = YES_ERROR;
				GCC_WARN_UNDECLARED_SELECTOR = YES;
				GCC_WARN_UNINITIALIZED_AUTOS = YES_AGGRESSIVE;
				GCC_WARN_UNUSED_FUNCTION = YES;
				GCC_WARN_UNUSED_VARIABLE = YES;
				IPHONEOS_DEPLOYMENT_TARGET = 16.0;
				MTL_ENABLE_DEBUG_INFO = NO;
				MTL_FAST_MATH = YES;
				SDKROOT = iphoneos;
				STRING_CATALOG_GENERATE_SYMBOLS = YES;
				SWIFT_COMPILATION_MODE = wholemodule;
				VALIDATE_PRODUCT = YES;
			};
			name = Release;
		};
		A000000900000000000000 /* Debug */ = {
			isa = XCBuildConfiguration;
			buildSettings = {
				ASSETCATALOG_COMPILER_APPICON_NAME = AppIcon;
				ASSETCATALOG_COMPILER_GLOBAL_ACCENT_COLOR_NAME = AccentColor;
				CODE_SIGN_STYLE = Automatic;
				CURRENT_PROJECT_VERSION = 1;
				DEVELOPMENT_ASSET_PATHS = "";
				ENABLE_PREVIEWS = YES;
				GENERATE_INFOPLIST_FILE = NO;
				INFOPLIST_FILE = CanadianTaxCalc/Info.plist;
				IPHONEOS_DEPLOYMENT_TARGET = 16.0;
				LD_RUNPATH_SEARCH_PATHS = (
					"$(inherited)",
					"@executable_path/Frameworks",
				);
				MARKETING_VERSION = 1.0;
				PRODUCT_BUNDLE_IDENTIFIER = com.smartcanadatax;
				PRODUCT_NAME = "$(TARGET_NAME)";
				SWIFT_EMIT_LOC_STRINGS = YES;
				SWIFT_VERSION = 5.0;
				TARGETED_DEVICE_FAMILY = "1,2";
			};
			name = Debug;
		};
		A000000A00000000000000 /* Release */ = {
			isa = XCBuildConfiguration;
			buildSettings = {
				ASSETCATALOG_COMPILER_APPICON_NAME = AppIcon;
				ASSETCATALOG_COMPILER_GLOBAL_ACCENT_COLOR_NAME = AccentColor;
				CODE_SIGN_STYLE = Automatic;
				CURRENT_PROJECT_VERSION = 1;
				DEVELOPMENT_ASSET_PATHS = "";
				ENABLE_PREVIEWS = YES;
				GENERATE_INFOPLIST_FILE = NO;
				INFOPLIST_FILE = CanadianTaxCalc/Info.plist;
				IPHONEOS_DEPLOYMENT_TARGET = 16.0;
				LD_RUNPATH_SEARCH_PATHS = (
					"$(inherited)",
					"@executable_path/Frameworks",
				);
				MARKETING_VERSION = 1.0;
				PRODUCT_BUNDLE_IDENTIFIER = com.smartcanadatax;
				PRODUCT_NAME = "$(TARGET_NAME)";
				SWIFT_EMIT_LOC_STRINGS = YES;
				SWIFT_VERSION = 5.0;
				TARGETED_DEVICE_FAMILY = "1,2";
			};
			name = Release;
		};
/* End XCBuildConfiguration section */

/* Begin XCConfigurationList section */
		A000000500000000000000 /* Build configuration list for PBXProject "CanadianTaxCalc" */ = {
			isa = XCConfigurationList;
			buildConfigurations = (
				A000000700000000000000 /* Debug */,
				A000000800000000000000 /* Release */,
			);
			defaultConfigurationIsVisible = 0;
			defaultConfigurationName = Release;
		};
		A000000600000000000000 /* Build configuration list for PBXNativeTarget "CanadianTaxCalc" */ = {
			isa = XCConfigurationList;
			buildConfigurations = (
				A000000900000000000000 /* Debug */,
				A000000A00000000000000 /* Release */,
			);
			defaultConfigurationIsVisible = 0;
			defaultConfigurationName = Release;
		};
/* End XCConfigurationList section */
	};
	rootObject = A000000000000000000000 /* Project object */;
}
